
Microsoft Visual Studio Solution File, Format Version 12.00
# Visual Studio Version 17
VisualStudioVersion = 17.0.31919.166
MinimumVisualStudioVersion = 10.0.40219.1
Project("{FAE04EC0-301F-11D3-BF4B-00C04F79EFBC}") = "GymManagmentSystem", "GymManagmentSystem\GymManagmentSystem.csproj", "{DA459FB6-0D19-43F8-870E-2DFFBA8894C3}"
EndProject
Project("{FAE04EC0-301F-11D3-BF4B-00C04F79EFBC}") = "GUITools", "GUITools\GUITools.csproj", "{0729807E-F2F8-443D-95A5-22BFA80EE9E0}"
EndProject
Global
	GlobalSection(SolutionConfigurationPlatforms) = preSolution
		Debug|Any CPU = Debug|Any CPU
		Release|Any CPU = Release|Any CPU
	EndGlobalSection
	GlobalSection(ProjectConfigurationPlatforms) = postSolution
		{DA459FB6-0D19-43F8-870E-2DFFBA8894C3}.Debug|Any CPU.ActiveCfg = Debug|Any CPU
		{DA459FB6-0D19-43F8-870E-2DFFBA8894C3}.Debug|Any CPU.Build.0 = Debug|Any CPU
		{DA459FB6-0D19-43F8-870E-2DFFBA8894C3}.Release|Any CPU.ActiveCfg = Release|Any CPU
		{DA459FB6-0D19-43F8-870E-2DFFBA8894C3}.Release|Any CPU.Build.0 = Release|Any CPU
		{0729807E-F2F8-443D-95A5-22BFA80EE9E0}.Debug|Any CPU.ActiveCfg = Debug|Any CPU
		{0729807E-F2F8-443D-95A5-22BFA80EE9E0}.Debug|Any CPU.Build.0 = Debug|Any CPU
		{0729807E-F2F8-443D-95A5-22BFA80EE9E0}.Release|Any CPU.ActiveCfg = Release|Any CPU
		{0729807E-F2F8-443D-95A5-22BFA80EE9E0}.Release|Any CPU.Build.0 = Release|Any CPU
	EndGlobalSection
	GlobalSection(SolutionProperties) = preSolution
		HideSolutionNode = FALSE
	EndGlobalSection
	GlobalSection(ExtensibilityGlobals) = postSolution
		SolutionGuid = {84005AAE-A74E-41B6-B0B0-498C1DA09F37}
	EndGlobalSection
EndGlobal
